
Microsoft Visual Studio Solution File, Format Version 12.00
# Visual Studio Version 16
VisualStudioVersion = 16.0.30204.135
MinimumVisualStudioVersion = 10.0.40219.1
Project("{FAE04EC0-301F-11D3-BF4B-00C04F79EFBC}") = "DB_Regiter_Login", "DB_Regiter_Login\DB_Regiter_Login.csproj", "{5BDABEA2-E6D1-4330-89DD-EFE3B9976431}"
EndProject
Global
	GlobalSection(SolutionConfigurationPlatforms) = preSolution
		Debug|Any CPU = Debug|Any CPU
		Release|Any CPU = Release|Any CPU
	EndGlobalSection
	GlobalSection(ProjectConfigurationPlatforms) = postSolution
		{5BDABEA2-E6D1-4330-89DD-EFE3B9976431}.Debug|Any CPU.ActiveCfg = Debug|Any CPU
		{5BDABEA2-E6D1-4330-89DD-EFE3B9976431}.Debug|Any CPU.Build.0 = Debug|Any CPU
		{5BDABEA2-E6D1-4330-89DD-EFE3B9976431}.Release|Any CPU.ActiveCfg = Release|Any CPU
		{5BDABEA2-E6D1-4330-89DD-EFE3B9976431}.Release|Any CPU.Build.0 = Release|Any CPU
	EndGlobalSection
	GlobalSection(SolutionProperties) = preSolution
		HideSolutionNode = FALSE
	EndGlobalSection
	GlobalSection(ExtensibilityGlobals) = postSolution
		SolutionGuid = {D72D83F9-B87D-4DCC-A416-B3E3B03FBAEF}
	EndGlobalSection
EndGlobal
